
Microsoft Visual Studio Solution File, Format Version 12.00
# Visual Studio Version 17
VisualStudioVersion = 17.2.32630.192
MinimumVisualStudioVersion = 10.0.40219.1
Project("{9A19103F-16F7-4668-BE54-9A1E7A4F7556}") = "SampleModel", "SampleModel\SampleModel.csproj", "{14B0F96C-A5F4-4F77-90E8-F968491176DF}"
EndProject
Project("{9A19103F-16F7-4668-BE54-9A1E7A4F7556}") = "ModelSync.Library", "..\ModelSync\ModelSync.Library\ModelSync.Library.csproj", "{C95D733E-A6F7-47CA-B890-581CDFAD7976}"
EndProject
Project("{9A19103F-16F7-4668-BE54-9A1E7A4F7556}") = "SampleModel.Net5", "SampleModel.Net5\SampleModel.Net5.csproj", "{03E2FA8B-7CE9-436A-990F-02FDB8CD89FD}"
EndProject
Project("{9A19103F-16F7-4668-BE54-9A1E7A4F7556}") = "ExportModel.CLI", "ExportModel.Console\ExportModel.CLI.csproj", "{A3E3A6E2-6C33-4C0D-B6D9-5F4D48B5CB43}"
EndProject
Project("{9A19103F-16F7-4668-BE54-9A1E7A4F7556}") = "ExportModel", "ExportModel\ExportModel.csproj", "{EDDAB697-37F8-4237-AB94-A4B921CB6622}"
EndProject
Project("{FAE04EC0-301F-11D3-BF4B-00C04F79EFBC}") = "ModelSync.WinForms", "ModelSync.WinForms\ModelSync.WinForms.csproj", "{D88B6E1B-2241-444E-AEFE-36DDA4AE13F5}"
EndProject
Global
	GlobalSection(SolutionConfigurationPlatforms) = preSolution
		Debug|Any CPU = Debug|Any CPU
		Release|Any CPU = Release|Any CPU
	EndGlobalSection
	GlobalSection(ProjectConfigurationPlatforms) = postSolution
		{14B0F96C-A5F4-4F77-90E8-F968491176DF}.Debug|Any CPU.ActiveCfg = Debug|Any CPU
		{14B0F96C-A5F4-4F77-90E8-F968491176DF}.Debug|Any CPU.Build.0 = Debug|Any CPU
		{14B0F96C-A5F4-4F77-90E8-F968491176DF}.Release|Any CPU.ActiveCfg = Release|Any CPU
		{14B0F96C-A5F4-4F77-90E8-F968491176DF}.Release|Any CPU.Build.0 = Release|Any CPU
		{C95D733E-A6F7-47CA-B890-581CDFAD7976}.Debug|Any CPU.ActiveCfg = Debug|Any CPU
		{C95D733E-A6F7-47CA-B890-581CDFAD7976}.Debug|Any CPU.Build.0 = Debug|Any CPU
		{C95D733E-A6F7-47CA-B890-581CDFAD7976}.Release|Any CPU.ActiveCfg = Release|Any CPU
		{C95D733E-A6F7-47CA-B890-581CDFAD7976}.Release|Any CPU.Build.0 = Release|Any CPU
		{03E2FA8B-7CE9-436A-990F-02FDB8CD89FD}.Debug|Any CPU.ActiveCfg = Debug|Any CPU
		{03E2FA8B-7CE9-436A-990F-02FDB8CD89FD}.Debug|Any CPU.Build.0 = Debug|Any CPU
		{03E2FA8B-7CE9-436A-990F-02FDB8CD89FD}.Release|Any CPU.ActiveCfg = Release|Any CPU
		{03E2FA8B-7CE9-436A-990F-02FDB8CD89FD}.Release|Any CPU.Build.0 = Release|Any CPU
		{A3E3A6E2-6C33-4C0D-B6D9-5F4D48B5CB43}.Debug|Any CPU.ActiveCfg = Debug|Any CPU
		{A3E3A6E2-6C33-4C0D-B6D9-5F4D48B5CB43}.Debug|Any CPU.Build.0 = Debug|Any CPU
		{A3E3A6E2-6C33-4C0D-B6D9-5F4D48B5CB43}.Release|Any CPU.ActiveCfg = Release|Any CPU
		{A3E3A6E2-6C33-4C0D-B6D9-5F4D48B5CB43}.Release|Any CPU.Build.0 = Release|Any CPU
		{EDDAB697-37F8-4237-AB94-A4B921CB6622}.Debug|Any CPU.ActiveCfg = Debug|Any CPU
		{EDDAB697-37F8-4237-AB94-A4B921CB6622}.Debug|Any CPU.Build.0 = Debug|Any CPU
		{EDDAB697-37F8-4237-AB94-A4B921CB6622}.Release|Any CPU.ActiveCfg = Release|Any CPU
		{EDDAB697-37F8-4237-AB94-A4B921CB6622}.Release|Any CPU.Build.0 = Release|Any CPU
		{D88B6E1B-2241-444E-AEFE-36DDA4AE13F5}.Debug|Any CPU.ActiveCfg = Debug|Any CPU
		{D88B6E1B-2241-444E-AEFE-36DDA4AE13F5}.Debug|Any CPU.Build.0 = Debug|Any CPU
		{D88B6E1B-2241-444E-AEFE-36DDA4AE13F5}.Release|Any CPU.ActiveCfg = Release|Any CPU
		{D88B6E1B-2241-444E-AEFE-36DDA4AE13F5}.Release|Any CPU.Build.0 = Release|Any CPU
	EndGlobalSection
	GlobalSection(SolutionProperties) = preSolution
		HideSolutionNode = FALSE
	EndGlobalSection
	GlobalSection(ExtensibilityGlobals) = postSolution
		SolutionGuid = {82466D6A-DAC6-4739-9904-0133EB6CC11A}
	EndGlobalSection
EndGlobal
